
Microsoft Visual Studio Solution File, Format Version 12.00
Project("{2150E333-8FDC-42A3-9474-1A3956D46DE8}") = "src", "src", "{31B1E5FB-8137-4579-BEAF-75165C90F45D}"
EndProject
Project("{FAE04EC0-301F-11D3-BF4B-00C04F79EFBC}") = "Fermion.Exceptions", "src\Fermion.Exceptions\Fermion.Exceptions.csproj", "{8F340E62-4C0A-47DD-A4E7-F14B707DCD00}"
EndProject
Global
	GlobalSection(SolutionConfigurationPlatforms) = preSolution
		Debug|Any CPU = Debug|Any CPU
		Release|Any CPU = Release|Any CPU
	EndGlobalSection
	GlobalSection(NestedProjects) = preSolution
		{8F340E62-4C0A-47DD-A4E7-F14B707DCD00} = {31B1E5FB-8137-4579-BEAF-75165C90F45D}
	EndGlobalSection
	GlobalSection(ProjectConfigurationPlatforms) = postSolution
		{8F340E62-4C0A-47DD-A4E7-F14B707DCD00}.Debug|Any CPU.ActiveCfg = Debug|Any CPU
		{8F340E62-4C0A-47DD-A4E7-F14B707DCD00}.Debug|Any CPU.Build.0 = Debug|Any CPU
		{8F340E62-4C0A-47DD-A4E7-F14B707DCD00}.Release|Any CPU.ActiveCfg = Release|Any CPU
		{8F340E62-4C0A-47DD-A4E7-F14B707DCD00}.Release|Any CPU.Build.0 = Release|Any CPU
	EndGlobalSection
EndGlobal
